
Microsoft Visual Studio Solution File, Format Version 12.00
# Visual Studio Version 17
VisualStudioVersion = 17.0.31903.59
MinimumVisualStudioVersion = 10.0.40219.1
Project("{2150E333-8FDC-42A3-9474-1A3956D46DE8}") = "src", "src", "{827E0CD3-B72D-47B6-A68D-7590B98EB39B}"
EndProject
Project("{FAE04EC0-301F-11D3-BF4B-00C04F79EFBC}") = "BlueprintOS.Api", "src\BlueprintOS.Api\BlueprintOS.Api.csproj", "{E5A740BF-9F6E-4437-95E0-0F9E91316F0F}"
EndProject
Project("{FAE04EC0-301F-11D3-BF4B-00C04F79EFBC}") = "BlueprintOS.Application", "src\BlueprintOS.Application\BlueprintOS.Application.csproj", "{A345BED1-F07F-4879-9E51-D27B1494D3CA}"
EndProject
Project("{FAE04EC0-301F-11D3-BF4B-00C04F79EFBC}") = "BlueprintOS.Domain", "src\BlueprintOS.Domain\BlueprintOS.Domain.csproj", "{B25EB232-A4E6-4A29-BD15-33EF056E0BB3}"
EndProject
Project("{FAE04EC0-301F-11D3-BF4B-00C04F79EFBC}") = "BlueprintOS.Infrastructure", "src\BlueprintOS.Infrastructure\BlueprintOS.Infrastructure.csproj", "{68B40990-4644-4157-91C0-24788C82F9BF}"
EndProject
Project("{FAE04EC0-301F-11D3-BF4B-00C04F79EFBC}") = "BlueprintOS.Shared", "src\BlueprintOS.Shared\BlueprintOS.Shared.csproj", "{D5A8DFE6-96A5-442F-A216-69A7E4CB0755}"
EndProject
Project("{FAE04EC0-301F-11D3-BF4B-00C04F79EFBC}") = "BlueprintOS.UnitTests", "tests\BlueprintOS.UnitTests\BlueprintOS.UnitTests.csproj", "{7967CD3D-ABE4-4EFD-9482-CC1681D94741}"
EndProject
Project("{FAE04EC0-301F-11D3-BF4B-00C04F79EFBC}") = "BlueprintOS.IntegrationTests", "tests\BlueprintOS.IntegrationTests\BlueprintOS.IntegrationTests.csproj", "{5A05C182-90E3-4CE1-8EB9-1E82CB7FFB71}"
EndProject
Global
	GlobalSection(SolutionConfigurationPlatforms) = preSolution
		Debug|Any CPU = Debug|Any CPU
		Debug|x64 = Debug|x64
		Debug|x86 = Debug|x86
		Release|Any CPU = Release|Any CPU
		Release|x64 = Release|x64
		Release|x86 = Release|x86
	EndGlobalSection
	GlobalSection(ProjectConfigurationPlatforms) = postSolution
		{E5A740BF-9F6E-4437-95E0-0F9E91316F0F}.Debug|Any CPU.ActiveCfg = Debug|Any CPU
		{E5A740BF-9F6E-4437-95E0-0F9E91316F0F}.Debug|Any CPU.Build.0 = Debug|Any CPU
		{E5A740BF-9F6E-4437-95E0-0F9E91316F0F}.Debug|x64.ActiveCfg = Debug|Any CPU
		{E5A740BF-9F6E-4437-95E0-0F9E91316F0F}.Debug|x64.Build.0 = Debug|Any CPU
		{E5A740BF-9F6E-4437-95E0-0F9E91316F0F}.Debug|x86.ActiveCfg = Debug|Any CPU
		{E5A740BF-9F6E-4437-95E0-0F9E91316F0F}.Debug|x86.Build.0 = Debug|Any CPU
		{E5A740BF-9F6E-4437-95E0-0F9E91316F0F}.Release|Any CPU.ActiveCfg = Release|Any CPU
		{E5A740BF-9F6E-4437-95E0-0F9E91316F0F}.Release|Any CPU.Build.0 = Release|Any CPU
		{E5A740BF-9F6E-4437-95E0-0F9E91316F0F}.Release|x64.ActiveCfg = Release|Any CPU
		{E5A740BF-9F6E-4437-95E0-0F9E91316F0F}.Release|x64.Build.0 = Release|Any CPU
		{E5A740BF-9F6E-4437-95E0-0F9E91316F0F}.Release|x86.ActiveCfg = Release|Any CPU
		{E5A740BF-9F6E-4437-95E0-0F9E91316F0F}.Release|x86.Build.0 = Release|Any CPU
		{A345BED1-F07F-4879-9E51-D27B1494D3CA}.Debug|Any CPU.ActiveCfg = Debug|Any CPU
		{A345BED1-F07F-4879-9E51-D27B1494D3CA}.Debug|Any CPU.Build.0 = Debug|Any CPU
		{A345BED1-F07F-4879-9E51-D27B1494D3CA}.Debug|x64.ActiveCfg = Debug|Any CPU
		{A345BED1-F07F-4879-9E51-D27B1494D3CA}.Debug|x64.Build.0 = Debug|Any CPU
		{A345BED1-F07F-4879-9E51-D27B1494D3CA}.Debug|x86.ActiveCfg = Debug|Any CPU
		{A345BED1-F07F-4879-9E51-D27B1494D3CA}.Debug|x86.Build.0 = Debug|Any CPU
		{A345BED1-F07F-4879-9E51-D27B1494D3CA}.Release|Any CPU.ActiveCfg = Release|Any CPU
		{A345BED1-F07F-4879-9E51-D27B1494D3CA}.Release|Any CPU.Build.0 = Release|Any CPU
		{A345BED1-F07F-4879-9E51-D27B1494D3CA}.Release|x64.ActiveCfg = Release|Any CPU
		{A345BED1-F07F-4879-9E51-D27B1494D3CA}.Release|x64.Build.0 = Release|Any CPU
		{A345BED1-F07F-4879-9E51-D27B1494D3CA}.Release|x86.ActiveCfg = Release|Any CPU
		{A345BED1-F07F-4879-9E51-D27B1494D3CA}.Release|x86.Build.0 = Release|Any CPU
		{B25EB232-A4E6-4A29-BD15-33EF056E0BB3}.Debug|Any CPU.ActiveCfg = Debug|Any CPU
		{B25EB232-A4E6-4A29-BD15-33EF056E0BB3}.Debug|Any CPU.Build.0 = Debug|Any CPU
		{B25EB232-A4E6-4A29-BD15-33EF056E0BB3}.Debug|x64.ActiveCfg = Debug|Any CPU
		{B25EB232-A4E6-4A29-BD15-33EF056E0BB3}.Debug|x64.Build.0 = Debug|Any CPU
		{B25EB232-A4E6-4A29-BD15-33EF056E0BB3}.Debug|x86.ActiveCfg = Debug|Any CPU
		{B25EB232-A4E6-4A29-BD15-33EF056E0BB3}.Debug|x86.Build.0 = Debug|Any CPU
		{B25EB232-A4E6-4A29-BD15-33EF056E0BB3}.Release|Any CPU.ActiveCfg = Release|Any CPU
		{B25EB232-A4E6-4A29-BD15-33EF056E0BB3}.Release|Any CPU.Build.0 = Release|Any CPU
		{B25EB232-A4E6-4A29-BD15-33EF056E0BB3}.Release|x64.ActiveCfg = Release|Any CPU
		{B25EB232-A4E6-4A29-BD15-33EF056E0BB3}.Release|x64.Build.0 = Release|Any CPU
		{B25EB232-A4E6-4A29-BD15-33EF056E0BB3}.Release|x86.ActiveCfg = Release|Any CPU
		{B25EB232-A4E6-4A29-BD15-33EF056E0BB3}.Release|x86.Build.0 = Release|Any CPU
		{68B40990-4644-4157-91C0-24788C82F9BF}.Debug|Any CPU.ActiveCfg = Debug|Any CPU
		{68B40990-4644-4157-91C0-24788C82F9BF}.Debug|Any CPU.Build.0 = Debug|Any CPU
		{68B40990-4644-4157-91C0-24788C82F9BF}.Debug|x64.ActiveCfg = Debug|Any CPU
		{68B40990-4644-4157-91C0-24788C82F9BF}.Debug|x64.Build.0 = Debug|Any CPU
		{68B40990-4644-4157-91C0-24788C82F9BF}.Debug|x86.ActiveCfg = Debug|Any CPU
		{68B40990-4644-4157-91C0-24788C82F9BF}.Debug|x86.Build.0 = Debug|Any CPU
		{68B40990-4644-4157-91C0-24788C82F9BF}.Release|Any CPU.ActiveCfg = Release|Any CPU
		{68B40990-4644-4157-91C0-24788C82F9BF}.Release|Any CPU.Build.0 = Release|Any CPU
		{68B40990-4644-4157-91C0-24788C82F9BF}.Release|x64.ActiveCfg = Release|Any CPU
		{68B40990-4644-4157-91C0-24788C82F9BF}.Release|x64.Build.0 = Release|Any CPU
		{68B40990-4644-4157-91C0-24788C82F9BF}.Release|x86.ActiveCfg = Release|Any CPU
		{68B40990-4644-4157-91C0-24788C82F9BF}.Release|x86.Build.0 = Release|Any CPU
		{D5A8DFE6-96A5-442F-A216-69A7E4CB0755}.Debug|Any CPU.ActiveCfg = Debug|Any CPU
		{D5A8DFE6-96A5-442F-A216-69A7E4CB0755}.Debug|Any CPU.Build.0 = Debug|Any CPU
		{D5A8DFE6-96A5-442F-A216-69A7E4CB0755}.Debug|x64.ActiveCfg = Debug|Any CPU
		{D5A8DFE6-96A5-442F-A216-69A7E4CB0755}.Debug|x64.Build.0 = Debug|Any CPU
		{D5A8DFE6-96A5-442F-A216-69A7E4CB0755}.Debug|x86.ActiveCfg = Debug|Any CPU
		{D5A8DFE6-96A5-442F-A216-69A7E4CB0755}.Debug|x86.Build.0 = Debug|Any CPU
		{D5A8DFE6-96A5-442F-A216-69A7E4CB0755}.Release|Any CPU.ActiveCfg = Release|Any CPU
		{D5A8DFE6-96A5-442F-A216-69A7E4CB0755}.Release|Any CPU.Build.0 = Release|Any CPU
		{D5A8DFE6-96A5-442F-A216-69A7E4CB0755}.Release|x64.ActiveCfg = Release|Any CPU
		{D5A8DFE6-96A5-442F-A216-69A7E4CB0755}.Release|x64.Build.0 = Release|Any CPU
		{D5A8DFE6-96A5-442F-A216-69A7E4CB0755}.Release|x86.ActiveCfg = Release|Any CPU
		{D5A8DFE6-96A5-442F-A216-69A7E4CB0755}.Release|x86.Build.0 = Release|Any CPU
		{7967CD3D-ABE4-4EFD-9482-CC1681D94741}.Debug|Any CPU.ActiveCfg = Debug|Any CPU
		{7967CD3D-ABE4-4EFD-9482-CC1681D94741}.Debug|Any CPU.Build.0 = Debug|Any CPU
		{7967CD3D-ABE4-4EFD-9482-CC1681D94741}.Debug|x64.ActiveCfg = Debug|Any CPU
		{7967CD3D-ABE4-4EFD-9482-CC1681D94741}.Debug|x64.Build.0 = Debug|Any CPU
		{7967CD3D-ABE4-4EFD-9482-CC1681D94741}.Debug|x86.ActiveCfg = Debug|Any CPU
		{7967CD3D-ABE4-4EFD-9482-CC1681D94741}.Debug|x86.Build.0 = Debug|Any CPU
		{7967CD3D-ABE4-4EFD-9482-CC1681D94741}.Release|Any CPU.ActiveCfg = Release|Any CPU
		{7967CD3D-ABE4-4EFD-9482-CC1681D94741}.Release|Any CPU.Build.0 = Release|Any CPU
		{7967CD3D-ABE4-4EFD-9482-CC1681D94741}.Release|x64.ActiveCfg = Release|Any CPU
		{7967CD3D-ABE4-4EFD-9482-CC1681D94741}.Release|x64.Build.0 = Release|Any CPU
		{7967CD3D-ABE4-4EFD-9482-CC1681D94741}.Release|x86.ActiveCfg = Release|Any CPU
		{7967CD3D-ABE4-4EFD-9482-CC1681D94741}.Release|x86.Build.0 = Release|Any CPU
		{5A05C182-90E3-4CE1-8EB9-1E82CB7FFB71}.Debug|Any CPU.ActiveCfg = Debug|Any CPU
		{5A05C182-90E3-4CE1-8EB9-1E82CB7FFB71}.Debug|Any CPU.Build.0 = Debug|Any CPU
		{5A05C182-90E3-4CE1-8EB9-1E82CB7FFB71}.Debug|x64.ActiveCfg = Debug|Any CPU
		{5A05C182-90E3-4CE1-8EB9-1E82CB7FFB71}.Debug|x64.Build.0 = Debug|Any CPU
		{5A05C182-90E3-4CE1-8EB9-1E82CB7FFB71}.Debug|x86.ActiveCfg = Debug|Any CPU
		{5A05C182-90E3-4CE1-8EB9-1E82CB7FFB71}.Debug|x86.Build.0 = Debug|Any CPU
		{5A05C182-90E3-4CE1-8EB9-1E82CB7FFB71}.Release|Any CPU.ActiveCfg = Release|Any CPU
		{5A05C182-90E3-4CE1-8EB9-1E82CB7FFB71}.Release|Any CPU.Build.0 = Release|Any CPU
		{5A05C182-90E3-4CE1-8EB9-1E82CB7FFB71}.Release|x64.ActiveCfg = Release|Any CPU
		{5A05C182-90E3-4CE1-8EB9-1E82CB7FFB71}.Release|x64.Build.0 = Release|Any CPU
		{5A05C182-90E3-4CE1-8EB9-1E82CB7FFB71}.Release|x86.ActiveCfg = Release|Any CPU
		{5A05C182-90E3-4CE1-8EB9-1E82CB7FFB71}.Release|x86.Build.0 = Release|Any CPU
	EndGlobalSection
	GlobalSection(SolutionProperties) = preSolution
		HideSolutionNode = FALSE
	EndGlobalSection
	GlobalSection(NestedProjects) = preSolution
		{E5A740BF-9F6E-4437-95E0-0F9E91316F0F} = {827E0CD3-B72D-47B6-A68D-7590B98EB39B}
		{A345BED1-F07F-4879-9E51-D27B1494D3CA} = {827E0CD3-B72D-47B6-A68D-7590B98EB39B}
		{B25EB232-A4E6-4A29-BD15-33EF056E0BB3} = {827E0CD3-B72D-47B6-A68D-7590B98EB39B}
		{68B40990-4644-4157-91C0-24788C82F9BF} = {827E0CD3-B72D-47B6-A68D-7590B98EB39B}
		{D5A8DFE6-96A5-442F-A216-69A7E4CB0755} = {827E0CD3-B72D-47B6-A68D-7590B98EB39B}
		{7967CD3D-ABE4-4EFD-9482-CC1681D94741} = {827E0CD3-B72D-47B6-A68D-7590B98EB39B}
		{5A05C182-90E3-4CE1-8EB9-1E82CB7FFB71} = {827E0CD3-B72D-47B6-A68D-7590B98EB39B}
	EndGlobalSection
EndGlobal
